
Microsoft Visual Studio Solution File, Format Version 12.00
# Visual Studio Version 17
VisualStudioVersion = 17.11.35312.102
MinimumVisualStudioVersion = 10.0.40219.1
Project("{FAE04EC0-301F-11D3-BF4B-00C04F79EFBC}") = "DatabaseApp", "DatabaseApp\DatabaseApp.csproj", "{9383409E-9221-41D3-94FB-A5AEFD8980A3}"
EndProject
Global
	GlobalSection(SolutionConfigurationPlatforms) = preSolution
		Debug|Any CPU = Debug|Any CPU
		Release|Any CPU = Release|Any CPU
	EndGlobalSection
	GlobalSection(ProjectConfigurationPlatforms) = postSolution
		{9383409E-9221-41D3-94FB-A5AEFD8980A3}.Debug|Any CPU.ActiveCfg = Debug|Any CPU
		{9383409E-9221-41D3-94FB-A5AEFD8980A3}.Debug|Any CPU.Build.0 = Debug|Any CPU
		{9383409E-9221-41D3-94FB-A5AEFD8980A3}.Release|Any CPU.ActiveCfg = Release|Any CPU
		{9383409E-9221-41D3-94FB-A5AEFD8980A3}.Release|Any CPU.Build.0 = Release|Any CPU
	EndGlobalSection
	GlobalSection(SolutionProperties) = preSolution
		HideSolutionNode = FALSE
	EndGlobalSection
	GlobalSection(ExtensibilityGlobals) = postSolution
		SolutionGuid = {9CEF0763-4B61-4261-833F-E2A2EB515EF4}
	EndGlobalSection
EndGlobal
